
Microsoft Visual Studio Solution File, Format Version 12.00
# Visual Studio 15
VisualStudioVersion = 15.0.26403.7
MinimumVisualStudioVersion = 10.0.40219.1
Project("{FAE04EC0-301F-11D3-BF4B-00C04F79EFBC}") = "ConsoleApp6", "ConsoleApp6\ConsoleApp6.csproj", "{633AB835-D320-467C-94DF-947A60A2D78B}"
EndProject
Project("{FAE04EC0-301F-11D3-BF4B-00C04F79EFBC}") = "WpfApp6", "WpfApp6\WpfApp6.csproj", "{D08B6E37-8184-4D20-B8F3-1F37B0F9DBD0}"
EndProject
Global
	GlobalSection(SolutionConfigurationPlatforms) = preSolution
		Debug|Any CPU = Debug|Any CPU
		Release|Any CPU = Release|Any CPU
	EndGlobalSection
	GlobalSection(ProjectConfigurationPlatforms) = postSolution
		{633AB835-D320-467C-94DF-947A60A2D78B}.Debug|Any CPU.ActiveCfg = Debug|Any CPU
		{633AB835-D320-467C-94DF-947A60A2D78B}.Debug|Any CPU.Build.0 = Debug|Any CPU
		{633AB835-D320-467C-94DF-947A60A2D78B}.Release|Any CPU.ActiveCfg = Release|Any CPU
		{633AB835-D320-467C-94DF-947A60A2D78B}.Release|Any CPU.Build.0 = Release|Any CPU
		{D08B6E37-8184-4D20-B8F3-1F37B0F9DBD0}.Debug|Any CPU.ActiveCfg = Debug|Any CPU
		{D08B6E37-8184-4D20-B8F3-1F37B0F9DBD0}.Debug|Any CPU.Build.0 = Debug|Any CPU
		{D08B6E37-8184-4D20-B8F3-1F37B0F9DBD0}.Release|Any CPU.ActiveCfg = Release|Any CPU
		{D08B6E37-8184-4D20-B8F3-1F37B0F9DBD0}.Release|Any CPU.Build.0 = Release|Any CPU
	EndGlobalSection
	GlobalSection(SolutionProperties) = preSolution
		HideSolutionNode = FALSE
	EndGlobalSection
EndGlobal
